
Microsoft Visual Studio Solution File, Format Version 12.00
# Visual Studio Version 16
VisualStudioVersion = 16.0.30406.217
MinimumVisualStudioVersion = 10.0.40219.1
Project("{FAE04EC0-301F-11D3-BF4B-00C04F79EFBC}") = "Chat", "Chat\Chat.csproj", "{7E5283E0-F363-49EB-80B9-5A2A2A8DF646}"
EndProject
Global
	GlobalSection(SolutionConfigurationPlatforms) = preSolution
		Debug|Any CPU = Debug|Any CPU
		Release|Any CPU = Release|Any CPU
	EndGlobalSection
	GlobalSection(ProjectConfigurationPlatforms) = postSolution
		{7E5283E0-F363-49EB-80B9-5A2A2A8DF646}.Debug|Any CPU.ActiveCfg = Debug|Any CPU
		{7E5283E0-F363-49EB-80B9-5A2A2A8DF646}.Debug|Any CPU.Build.0 = Debug|Any CPU
		{7E5283E0-F363-49EB-80B9-5A2A2A8DF646}.Release|Any CPU.ActiveCfg = Release|Any CPU
		{7E5283E0-F363-49EB-80B9-5A2A2A8DF646}.Release|Any CPU.Build.0 = Release|Any CPU
	EndGlobalSection
	GlobalSection(SolutionProperties) = preSolution
		HideSolutionNode = FALSE
	EndGlobalSection
	GlobalSection(ExtensibilityGlobals) = postSolution
		SolutionGuid = {63719698-CFFC-49FC-BF03-95979273F396}
	EndGlobalSection
EndGlobal
